// !$*UTF8*$!
{
	archiveVersion = 1;
	classes = {
	};
	objectVersion = 50;
	objects = {

/* Begin PBXBuildFile section */
		DAA579C9231A229A00727E28 /* AppDelegate.swift in Sources */ = {isa = PBXBuildFile; fileRef = DAA579C8231A229A00727E28 /* AppDelegate.swift */; };
		DAA579CB231A229A00727E28 /* ViewController.swift in Sources */ = {isa = PBXBuildFile; fileRef = DAA579CA231A229A00727E28 /* ViewController.swift */; };
		DAA579CE231A229A00727E28 /* Main.storyboard in Resources */ = {isa = PBXBuildFile; fileRef = DAA579CC231A229A00727E28 /* Main.storyboard */; };
		DAA579D1231A229A00727E28 /* IBuiltTinder.xcdatamodeld in Sources */ = {isa = PBXBuildFile; fileRef = DAA579CF231A229A00727E28 /* IBuiltTinder.xcdatamodeld */; };
		DAA579D3231A22AB00727E28 /* Assets.xcassets in Resources */ = {isa = PBXBuildFile; fileRef = DAA579D2231A22AB00727E28 /* Assets.xcassets */; };
		DAA579D6231A22AB00727E28 /* LaunchScreen.storyboard in Resources */ = {isa = PBXBuildFile; fileRef = DAA579D4231A22AB00727E28 /* LaunchScreen.storyboard */; };
/* End PBXBuildFile section */

/* Begin PBXFileReference section */
		DAA579C5231A229A00727E28 /* IBuiltTinder.app */ = {isa = PBXFileReference; explicitFileType = wrapper.application; includeInIndex = 0; path = IBuiltTinder.app; sourceTree = BUILT_PRODUCTS_DIR; };
		DAA579C8231A229A00727E28 /* AppDelegate.swift */ = {isa = PBXFileReference; lastKnownFileType = sourcecode.swift; path = AppDelegate.swift; sourceTree = "<group>"; };
		DAA579CA231A229A00727E28 /* ViewController.swift */ = {isa = PBXFileReference; lastKnownFileType = sourcecode.swift; path = ViewController.swift; sourceTree = "<group>"; };
		DAA579CD231A229A00727E28 /* Base */ = {isa = PBXFileReference; lastKnownFileType = file.storyboard; name = Base; path = Base.lproj/Main.storyboard; sourceTree = "<group>"; };
		DAA579D0231A229A00727E28 /* IBuiltTinder.xcdatamodel */ = {isa = PBXFileReference; lastKnownFileType = wrapper.xcdatamodel; path = IBuiltTinder.xcdatamodel; sourceTree = "<group>"; };
		DAA579D2231A22AB00727E28 /* Assets.xcassets */ = {isa = PBXFileReference; lastKnownFileType = folder.assetcatalog; path = Assets.xcassets; sourceTree = "<group>"; };
		DAA579D5231A22AB00727E28 /* Base */ = {isa = PBXFileReference; lastKnownFileType = file.storyboard; name = Base; path = Base.lproj/LaunchScreen.storyboard; sourceTree = "<group>"; };
		DAA579D7231A22AC00727E28 /* Info.plist */ = {isa = PBXFileReference; lastKnownFileType = text.plist.xml; path = Info.plist; sourceTree = "<group>"; };
/* End PBXFileReference section */

/* Begin PBXFrameworksBuildPhase section */
		DAA579C2231A229A00727E28 /* Frameworks */ = {
			isa = PBXFrameworksBuildPhase;
			buildActionMask = 2147483647;
			files = (
			);
			runOnlyForDeploymentPostprocessing = 0;
		};
/* End PBXFrameworksBuildPhase section */

/* Begin PBXGroup section */
		DAA579BC231A229A00727E28 = {
			isa = PBXGroup;
			children = (
				DAA579C7231A229A00727E28 /* IBuiltTinder */,
				DAA579C6231A229A00727E28 /* Products */,
			);
			sourceTree = "<group>";
		};
		DAA579C6231A229A00727E28 /* Products */ = {
			isa = PBXGroup;
			children = (
				DAA579C5231A229A00727E28 /* IBuiltTinder.app */,
			);
			name = Products;
			sourceTree = "<group>";
		};
		DAA579C7231A229A00727E28 /* IBuiltTinder */ = {
			isa = PBXGroup;
			children = (
				DAA579C8231A229A00727E28 /* AppDelegate.swift */,
				DAA579CA231A229A00727E28 /* ViewController.swift */,
				DAA579CC231A229A00727E28 /* Main.storyboard */,
				DAA579D2231A22AB00727E28 /* Assets.xcassets */,
				DAA579D4231A22AB00727E28 /* LaunchScreen.storyboard */,
				DAA579D7231A22AC00727E28 /* Info.plist */,
				DAA579CF231A229A00727E28 /* IBuiltTinder.xcdatamodeld */,
			);
			path = IBuiltTinder;
			sourceTree = "<group>";
		};
/* End PBXGroup section */

/* Begin PBXNativeTarget section */
		DAA579C4231A229A00727E28 /* IBuiltTinder */ = {
			isa = PBXNativeTarget;
			buildConfigurationList = DAA579DA231A22AC00727E28 /* Build configuration list for PBXNativeTarget "IBuiltTinder" */;
			buildPhases = (
				DAA579C1231A229A00727E28 /* Sources */,
				DAA579C2231A229A00727E28 /* Frameworks */,
				DAA579C3231A229A00727E28 /* Resources */,
			);
			buildRules = (
			);
			dependencies = (
			);
			name = IBuiltTinder;
			productName = IBuiltTinder;
			productReference = DAA579C5231A229A00727E28 /* IBuiltTinder.app */;
			productType = "com.apple.product-type.application";
		};
/* End PBXNativeTarget section */

/* Begin PBXProject section */
		DAA579BD231A229A00727E28 /* Project object */ = {
			isa = PBXProject;
			attributes = {
				LastSwiftUpdateCheck = 1030;
				LastUpgradeCheck = 1030;
				ORGANIZATIONNAME = "Kinney Kare";
				TargetAttributes = {
					DAA579C4231A229A00727E28 = {
						CreatedOnToolsVersion = 10.3;
					};
				};
			};
			buildConfigurationList = DAA579C0231A229A00727E28 /* Build configuration list for PBXProject "IBuiltTinder" */;
			compatibilityVersion = "Xcode 9.3";
			developmentRegion = en;
			hasScannedForEncodings = 0;
			knownRegions = (
				en,
				Base,
			);
			mainGroup = DAA579BC231A229A00727E28;
			productRefGroup = DAA579C6231A229A00727E28 /* Products */;
			projectDirPath = "";
			projectRoot = "";
			targets = (
				DAA579C4231A229A00727E28 /* IBuiltTinder */,
			);
		};
/* End PBXProject section */

/* Begin PBXResourcesBuildPhase section */
		DAA579C3231A229A00727E28 /* Resources */ = {
			isa = PBXResourcesBuildPhase;
			buildActionMask = 2147483647;
			files = (
				DAA579D6231A22AB00727E28 /* LaunchScreen.storyboard in Resources */,
				DAA579D3231A22AB00727E28 /* Assets.xcassets in Resources */,
				DAA579CE231A229A00727E28 /* Main.storyboard in Resources */,
			);
			runOnlyForDeploymentPostprocessing = 0;
		};
/* End PBXResourcesBuildPhase section */

/* Begin PBXSourcesBuildPhase section */
		DAA579C1231A229A00727E28 /* Sources */ = {
			isa = PBXSourcesBuildPhase;
			buildActionMask = 2147483647;
			files = (
				DAA579D1231A229A00727E28 /* IBuiltTinder.xcdatamodeld in Sources */,
				DAA579CB231A229A00727E28 /* ViewController.swift in Sources */,
				DAA579C9231A229A00727E28 /* AppDelegate.swift in Sources */,
			);
			runOnlyForDeploymentPostprocessing = 0;
		};
/* End PBXSourcesBuildPhase section */

/* Begin PBXVariantGroup section */
		DAA579CC231A229A00727E28 /* Main.storyboard */ = {
			isa = PBXVariantGroup;
			children = (
				DAA579CD231A229A00727E28 /* Base */,
			);
			name = Main.storyboard;
			sourceTree = "<group>";
		};
		DAA579D4231A22AB00727E28 /* LaunchScreen.storyboard */ = {
			isa = PBXVariantGroup;
			children = (
				DAA579D5231A22AB00727E28 /* Base */,
			);
			name = LaunchScreen.storyboard;
			sourceTree = "<group>";
		};
/* End PBXVariantGroup section */

/* Begin XCBuildConfiguration section */
		DAA579D8231A22AC00727E28 /* Debug */ = {
			isa = XCBuildConfiguration;
			buildSettings = {
				ALWAYS_SEARCH_USER_PATHS = NO;
				CLANG_ANALYZER_NONNULL = YES;
				CLANG_ANALYZER_NUMBER_OBJECT_CONVERSION = YES_AGGRESSIVE;
				CLANG_CXX_LANGUAGE_STANDARD = "gnu++14";
				CLANG_CXX_LIBRARY = "libc++";
				CLANG_ENABLE_MODULES = YES;
				CLANG_ENABLE_OBJC_ARC = YES;
				CLANG_ENABLE_OBJC_WEAK = YES;
				CLANG_WARN_BLOCK_CAPTURE_AUTORELEASING = YES;
				CLANG_WARN_BOOL_CONVERSION = YES;
				CLANG_WARN_COMMA = YES;
				CLANG_WARN_CONSTANT_CONVERSION = YES;
				CLANG_WARN_DEPRECATED_OBJC_IMPLEMENTATIONS = YES;
				CLANG_WARN_DIRECT_OBJC_ISA_USAGE = YES_ERROR;
				CLANG_WARN_DOCUMENTATION_COMMENTS = YES;
				CLANG_WARN_EMPTY_BODY = YES;
				CLANG_WARN_ENUM_CONVERSION = YES;
				CLANG_WARN_INFINITE_RECURSION = YES;
				CLANG_WARN_INT_CONVERSION = YES;
				CLANG_WARN_NON_LITERAL_NULL_CONVERSION = YES;
				CLANG_WARN_OBJC_IMPLICIT_RETAIN_SELF = YES;
				CLANG_WARN_OBJC_LITERAL_CONVERSION = YES;
				CLANG_WARN_OBJC_ROOT_CLASS = YES_ERROR;
				CLANG_WARN_RANGE_LOOP_ANALYSIS = YES;
				CLANG_WARN_STRICT_PROTOTYPES = YES;
				CLANG_WARN_SUSPICIOUS_MOVE = YES;
				CLANG_WARN_UNGUARDED_AVAILABILITY = YES_AGGRESSIVE;
				CLANG_WARN_UNREACHABLE_CODE = YES;
				CLANG_WARN__DUPLICATE_METHOD_MATCH = YES;
				CODE_SIGN_IDENTITY = "iPhone Developer";
				COPY_PHASE_STRIP = NO;
				DEBUG_INFORMATION_FORMAT = dwarf;
				ENABLE_STRICT_OBJC_MSGSEND = YES;
				ENABLE_TESTABILITY = YES;
				GCC_C_LANGUAGE_STANDARD = gnu11;
				GCC_DYNAMIC_NO_PIC = NO;
				GCC_NO_COMMON_BLOCKS = YES;
				GCC_OPTIMIZATION_LEVEL = 0;
				GCC_PREPROCESSOR_DEFINITIONS = (
					"DEBUG=1",
					"$(inherited)",
				);
				GCC_WARN_64_TO_32_BIT_CONVERSION = YES;
				GCC_WARN_ABOUT_RETURN_TYPE = YES_ERROR;
				GCC_WARN_UNDECLARED_SELECTOR = YES;
				GCC_WARN_UNINITIALIZED_AUTOS = YES_AGGRESSIVE;
				GCC_WARN_UNUSED_FUNCTION = YES;
				GCC_WARN_UNUSED_VARIABLE = YES;
				IPHONEOS_DEPLOYMENT_TARGET = 12.4;
				MTL_ENABLE_DEBUG_INFO = INCLUDE_SOURCE;
				MTL_FAST_MATH = YES;
				ONLY_ACTIVE_ARCH = YES;
				SDKROOT = iphoneos;
				SWIFT_ACTIVE_COMPILATION_CONDITIONS = DEBUG;
				SWIFT_OPTIMIZATION_LEVEL = "-Onone";
			};
			name = Debug;
		};
		DAA579D9231A22AC00727E28 /* Release */ = {
			isa = XCBuildConfiguration;
			buildSettings = {
				ALWAYS_SEARCH_USER_PATHS = NO;
				CLANG_ANALYZER_NONNULL = YES;
				CLANG_ANALYZER_NUMBER_OBJECT_CONVERSION = YES_AGGRESSIVE;
				CLANG_CXX_LANGUAGE_STANDARD = "gnu++14";
				CLANG_CXX_LIBRARY = "libc++";
				CLANG_ENABLE_MODULES = YES;
				CLANG_ENABLE_OBJC_ARC = YES;
				CLANG_ENABLE_OBJC_WEAK = YES;
				CLANG_WARN_BLOCK_CAPTURE_AUTORELEASING = YES;
				CLANG_WARN_BOOL_CONVERSION = YES;
				CLANG_WARN_COMMA = YES;
				CLANG_WARN_CONSTANT_CONVERSION = YES;
				CLANG_WARN_DEPRECATED_OBJC_IMPLEMENTATIONS = YES;
				CLANG_WARN_DIRECT_OBJC_ISA_USAGE = YES_ERROR;
				CLANG_WARN_DOCUMENTATION_COMMENTS = YES;
				CLANG_WARN_EMPTY_BODY = YES;
				CLANG_WARN_ENUM_CONVERSION = YES;
				CLANG_WARN_INFINITE_RECURSION = YES;
				CLANG_WARN_INT_CONVERSION = YES;
				CLANG_WARN_NON_LITERAL_NULL_CONVERSION = YES;
				CLANG_WARN_OBJC_IMPLICIT_RETAIN_SELF = YES;
				CLANG_WARN_OBJC_LITERAL_CONVERSION = YES;
				CLANG_WARN_OBJC_ROOT_CLASS = YES_ERROR;
				CLANG_WARN_RANGE_LOOP_ANALYSIS = YES;
				CLANG_WARN_STRICT_PROTOTYPES = YES;
				CLANG_WARN_SUSPICIOUS_MOVE = YES;
				CLANG_WARN_UNGUARDED_AVAILABILITY = YES_AGGRESSIVE;
				CLANG_WARN_UNREACHABLE_CODE = YES;
				CLANG_WARN__DUPLICATE_METHOD_MATCH = YES;
				CODE_SIGN_IDENTITY = "iPhone Developer";
				COPY_PHASE_STRIP = NO;
				DEBUG_INFORMATION_FORMAT = "dwarf-with-dsym";
				ENABLE_NS_ASSERTIONS = NO;
				ENABLE_STRICT_OBJC_MSGSEND = YES;
				GCC_C_LANGUAGE_STANDARD = gnu11;
				GCC_NO_COMMON_BLOCKS = YES;
				GCC_WARN_64_TO_32_BIT_CONVERSION = YES;
				GCC_WARN_ABOUT_RETURN_TYPE = YES_ERROR;
				GCC_WARN_UNDECLARED_SELECTOR = YES;
				GCC_WARN_UNINITIALIZED_AUTOS = YES_AGGRESSIVE;
				GCC_WARN_UNUSED_FUNCTION = YES;
				GCC_WARN_UNUSED_VARIABLE = YES;
				IPHONEOS_DEPLOYMENT_TARGET = 12.4;
				MTL_ENABLE_DEBUG_INFO = NO;
				MTL_FAST_MATH = YES;
				SDKROOT = iphoneos;
				SWIFT_COMPILATION_MODE = wholemodule;
				SWIFT_OPTIMIZATION_LEVEL = "-O";
				VALIDATE_PRODUCT = YES;
			};
			name = Release;
		};
		DAA579DB231A22AC00727E28 /* Debug */ = {
			isa = XCBuildConfiguration;
			buildSettings = {
				ASSETCATALOG_COMPILER_APPICON_NAME = AppIcon;
				CODE_SIGN_STYLE = Automatic;
				DEVELOPMENT_TEAM = R7SHSK6MNC;
				INFOPLIST_FILE = IBuiltTinder/Info.plist;
				LD_RUNPATH_SEARCH_PATHS = (
					"$(inherited)",
					"@executable_path/Frameworks",
				);
				PRODUCT_BUNDLE_IDENTIFIER = com.kinneykare.IBuiltTinder;
				PRODUCT_NAME = "$(TARGET_NAME)";
				SWIFT_VERSION = 5.0;
				TARGETED_DEVICE_FAMILY = "1,2";
			};
			name = Debug;
		};
		DAA579DC231A22AC00727E28 /* Release */ = {
			isa = XCBuildConfiguration;
			buildSettings = {
				ASSETCATALOG_COMPILER_APPICON_NAME = AppIcon;
				CODE_SIGN_STYLE = Automatic;
				DEVELOPMENT_TEAM = R7SHSK6MNC;
				INFOPLIST_FILE = IBuiltTinder/Info.plist;
				LD_RUNPATH_SEARCH_PATHS = (
					"$(inherited)",
					"@executable_path/Frameworks",
				);
				PRODUCT_BUNDLE_IDENTIFIER = com.kinneykare.IBuiltTinder;
				PRODUCT_NAME = "$(TARGET_NAME)";
				SWIFT_VERSION = 5.0;
				TARGETED_DEVICE_FAMILY = "1,2";
			};
			name = Release;
		};
/* End XCBuildConfiguration section */

/* Begin XCConfigurationList section */
		DAA579C0231A229A00727E28 /* Build configuration list for PBXProject "IBuiltTinder" */ = {
			isa = XCConfigurationList;
			buildConfigurations = (
				DAA579D8231A22AC00727E28 /* Debug */,
				DAA579D9231A22AC00727E28 /* Release */,
			);
			defaultConfigurationIsVisible = 0;
			defaultConfigurationName = Release;
		};
		DAA579DA231A22AC00727E28 /* Build configuration list for PBXNativeTarget "IBuiltTinder" */ = {
			isa = XCConfigurationList;
			buildConfigurations = (
				DAA579DB231A22AC00727E28 /* Debug */,
				DAA579DC231A22AC00727E28 /* Release */,
			);
			defaultConfigurationIsVisible = 0;
			defaultConfigurationName = Release;
		};
/* End XCConfigurationList section */

/* Begin XCVersionGroup section */
		DAA579CF231A229A00727E28 /* IBuiltTinder.xcdatamodeld */ = {
			isa = XCVersionGroup;
			children = (
				DAA579D0231A229A00727E28 /* IBuiltTinder.xcdatamodel */,
			);
			currentVersion = DAA579D0231A229A00727E28 /* IBuiltTinder.xcdatamodel */;
			path = IBuiltTinder.xcdatamodeld;
			sourceTree = "<group>";
			versionGroupType = wrapper.xcdatamodel;
		};
/* End XCVersionGroup section */
	};
	rootObject = DAA579BD231A229A00727E28 /* Project object */;
}
